
Microsoft Visual Studio Solution File, Format Version 12.00
# Visual Studio Version 17
VisualStudioVersion = 17.11.35312.102
MinimumVisualStudioVersion = 10.0.40219.1
Project("{8BC9CEB8-8B4A-11D0-8D11-00A0C91BC942}") = "GrandTheftAuto_ENTICity", "GrandTheftAuto_ENTICity.vcxproj", "{3CD1768F-0A73-41FE-B729-A3CE1F2CB9FD}"
EndProject
Global
	GlobalSection(SolutionConfigurationPlatforms) = preSolution
		Debug|x64 = Debug|x64
		Debug|x86 = Debug|x86
		Release|x64 = Release|x64
		Release|x86 = Release|x86
	EndGlobalSection
	GlobalSection(ProjectConfigurationPlatforms) = postSolution
		{3CD1768F-0A73-41FE-B729-A3CE1F2CB9FD}.Debug|x64.ActiveCfg = Debug|x64
		{3CD1768F-0A73-41FE-B729-A3CE1F2CB9FD}.Debug|x64.Build.0 = Debug|x64
		{3CD1768F-0A73-41FE-B729-A3CE1F2CB9FD}.Debug|x86.ActiveCfg = Debug|Win32
		{3CD1768F-0A73-41FE-B729-A3CE1F2CB9FD}.Debug|x86.Build.0 = Debug|Win32
		{3CD1768F-0A73-41FE-B729-A3CE1F2CB9FD}.Release|x64.ActiveCfg = Release|x64
		{3CD1768F-0A73-41FE-B729-A3CE1F2CB9FD}.Release|x64.Build.0 = Release|x64
		{3CD1768F-0A73-41FE-B729-A3CE1F2CB9FD}.Release|x86.ActiveCfg = Release|Win32
		{3CD1768F-0A73-41FE-B729-A3CE1F2CB9FD}.Release|x86.Build.0 = Release|Win32
	EndGlobalSection
	GlobalSection(SolutionProperties) = preSolution
		HideSolutionNode = FALSE
	EndGlobalSection
	GlobalSection(ExtensibilityGlobals) = postSolution
		SolutionGuid = {6DA4B182-4356-4477-B5A7-87DA61B08C2A}
	EndGlobalSection
EndGlobal
